<?xml version="1.0" encoding="utf-8"?>
<Project ToolsVersion="4.0" xmlns="http://schemas.microsoft.com/developer/msbuild/2003">
  <ItemGroup>
    <Filter Include="Enterprise">
      <UniqueIdentifier>{E61AA5D8-D2D2-E625-3BDA-BF8127B18116}</UniqueIdentifier>
    </Filter>
    <Filter Include="Enterprise\Event">
      <UniqueIdentifier>{B7B02806-A3A9-4758-CCDB-2CDDB8332764}</UniqueIdentifier>
    </Filter>
    <Filter Include="Platform">
      <UniqueIdentifier>{2AC788B4-1694-E3BF-3FAD-D1672BD9184E}</UniqueIdentifier>
    </Filter>
    <Filter Include="Platform\Windows">
      <UniqueIdentifier>{64FBD71A-50F4-F66C-7926-DCF1657ED678}</UniqueIdentifier>
    </Filter>
  </ItemGroup>
  <ItemGroup>
    <ClInclude Include="src\Core.h" />
    <ClInclude Include="src\EP_PCH.h" />
    <ClInclude Include="src\Enterprise.h" />
    <ClInclude Include="src\Enterprise\Application.h">
      <Filter>Enterprise</Filter>
    </ClInclude>
    <ClInclude Include="src\Enterprise\Console.h">
      <Filter>Enterprise</Filter>
    </ClInclude>
    <ClInclude Include="src\Enterprise\EntryPoint.h">
      <Filter>Enterprise</Filter>
    </ClInclude>
    <ClInclude Include="src\Enterprise\Event\ApplicationEvent.h">
      <Filter>Enterprise\Event</Filter>
    </ClInclude>
    <ClInclude Include="src\Enterprise\Event\Event.h">
      <Filter>Enterprise\Event</Filter>
    </ClInclude>
    <ClInclude Include="src\Enterprise\Event\KeyEvent.h">
      <Filter>Enterprise\Event</Filter>
    </ClInclude>
    <ClInclude Include="src\Enterprise\Event\MouseEvent.h">
      <Filter>Enterprise\Event</Filter>
    </ClInclude>
    <ClInclude Include="src\Platform\Windows\WinMain.h">
      <Filter>Platform\Windows</Filter>
    </ClInclude>
  </ItemGroup>
  <ItemGroup>
    <ClCompile Include="src\EP_PCH.cpp" />
    <ClCompile Include="src\Enterprise\Application.cpp">
      <Filter>Enterprise</Filter>
    </ClCompile>
    <ClCompile Include="src\Enterprise\Console.cpp">
      <Filter>Enterprise</Filter>
    </ClCompile>
    <ClCompile Include="src\Platform\Windows\WinMain.cpp">
      <Filter>Platform\Windows</Filter>
    </ClCompile>
  </ItemGroup>
</Project>