<?xml version="1.0" encoding="utf-8"?>
<Project ToolsVersion="4.0" xmlns="http://schemas.microsoft.com/developer/msbuild/2003">
  <ItemGroup>
    <Filter Include="Enterprise">
      <UniqueIdentifier>{E61AA5D8-D2D2-E625-3BDA-BF8127B18116}</UniqueIdentifier>
    </Filter>
    <Filter Include="Enterprise\Application">
      <UniqueIdentifier>{A9DF3BAF-95D9-6401-7E46-FB116ADFCA6D}</UniqueIdentifier>
    </Filter>
    <Filter Include="Enterprise\Application\Win32">
      <UniqueIdentifier>{4B729D2F-372D-8DDB-E0E4-0526CC7ED76B}</UniqueIdentifier>
    </Filter>
    <Filter Include="Enterprise\Core">
      <UniqueIdentifier>{FEFEE0C9-6A8A-4E8E-739B-D182DFA5AA8E}</UniqueIdentifier>
    </Filter>
    <Filter Include="Enterprise\Core\Win32">
      <UniqueIdentifier>{60FD73CE-CC69-2FC9-955D-C72601895131}</UniqueIdentifier>
    </Filter>
    <Filter Include="Enterprise\Events">
      <UniqueIdentifier>{0AC83ECB-76DE-3C61-BF55-C8822BAB0DE9}</UniqueIdentifier>
    </Filter>
    <Filter Include="Enterprise\Events\OLD">
      <UniqueIdentifier>{F8DC325E-6449-EE58-2D3D-86B6996810C1}</UniqueIdentifier>
    </Filter>
    <Filter Include="Enterprise\Events\OLD\Generation">
      <UniqueIdentifier>{33290CEF-1F7A-F730-48DE-E5F2348E8A9A}</UniqueIdentifier>
    </Filter>
    <Filter Include="Enterprise\Input">
      <UniqueIdentifier>{65DF6C06-51D8-8B58-7A0A-71DD66626B64}</UniqueIdentifier>
    </Filter>
    <Filter Include="Enterprise\Time">
      <UniqueIdentifier>{4437EAC9-B0C2-578E-B9D3-DA8225DEB38E}</UniqueIdentifier>
    </Filter>
    <Filter Include="Enterprise\Time\Win32">
      <UniqueIdentifier>{26D2F3BA-923E-AFB5-5B32-4713C75DD11D}</UniqueIdentifier>
    </Filter>
  </ItemGroup>
  <ItemGroup>
    <ClInclude Include="src\Core.h" />
    <ClInclude Include="src\EP_PCH.h" />
    <ClInclude Include="src\Enterprise.h" />
    <ClInclude Include="src\Enterprise\Application\Application.h">
      <Filter>Enterprise\Application</Filter>
    </ClInclude>
    <ClInclude Include="src\Enterprise\Application\ApplicationEvents.h">
      <Filter>Enterprise\Application</Filter>
    </ClInclude>
    <ClInclude Include="src\Enterprise\Application\Win32\Window_Win32.h">
      <Filter>Enterprise\Application\Win32</Filter>
    </ClInclude>
    <ClInclude Include="src\Enterprise\Application\Window.h">
      <Filter>Enterprise\Application</Filter>
    </ClInclude>
    <ClInclude Include="src\Enterprise\Core\Assertions.h">
      <Filter>Enterprise\Core</Filter>
    </ClInclude>
    <ClInclude Include="src\Enterprise\Core\Console.h">
      <Filter>Enterprise\Core</Filter>
    </ClInclude>
    <ClInclude Include="src\Enterprise\Core\ErrorMessageBox.h">
      <Filter>Enterprise\Core</Filter>
    </ClInclude>
    <ClInclude Include="src\Enterprise\Core\Exceptions.h">
      <Filter>Enterprise\Core</Filter>
    </ClInclude>
    <ClInclude Include="src\Enterprise\Events\Events.h">
      <Filter>Enterprise\Events</Filter>
    </ClInclude>
    <ClInclude Include="src\Enterprise\Events\OLD\BaseEvent.h">
      <Filter>Enterprise\Events\OLD</Filter>
    </ClInclude>
    <ClInclude Include="src\Enterprise\Events\OLD\CoreEvents.h">
      <Filter>Enterprise\Events\OLD</Filter>
    </ClInclude>
    <ClInclude Include="src\Enterprise\Events\OLD\CoreEvents_CategoryList.h">
      <Filter>Enterprise\Events\OLD</Filter>
    </ClInclude>
    <ClInclude Include="src\Enterprise\Events\OLD\CoreEvents_TypeList.h">
      <Filter>Enterprise\Events\OLD</Filter>
    </ClInclude>
    <ClInclude Include="src\Enterprise\Events\OLD\Dispatcher.h">
      <Filter>Enterprise\Events\OLD</Filter>
    </ClInclude>
    <ClInclude Include="src\Enterprise\Events\OLD\Generation\StartClasses.h">
      <Filter>Enterprise\Events\OLD\Generation</Filter>
    </ClInclude>
    <ClInclude Include="src\Enterprise\Events\OLD\Generation\StartECM.h">
      <Filter>Enterprise\Events\OLD\Generation</Filter>
    </ClInclude>
    <ClInclude Include="src\Enterprise\Events\OLD\Generation\StartEnums.h">
      <Filter>Enterprise\Events\OLD\Generation</Filter>
    </ClInclude>
    <ClInclude Include="src\Enterprise\Events\OLD\Generation\Stop.h">
      <Filter>Enterprise\Events\OLD\Generation</Filter>
    </ClInclude>
    <ClInclude Include="src\Enterprise\Input\InputEvents.h">
      <Filter>Enterprise\Input</Filter>
    </ClInclude>
    <ClInclude Include="src\Enterprise\Time\Time.h">
      <Filter>Enterprise\Time</Filter>
    </ClInclude>
  </ItemGroup>
  <ItemGroup>
    <ClCompile Include="src\EP_PCH.cpp" />
    <ClCompile Include="src\Enterprise\Application\Application.cpp">
      <Filter>Enterprise\Application</Filter>
    </ClCompile>
    <ClCompile Include="src\Enterprise\Application\Win32\Main_Win32.cpp">
      <Filter>Enterprise\Application\Win32</Filter>
    </ClCompile>
    <ClCompile Include="src\Enterprise\Application\Win32\Window_Win32.cpp">
      <Filter>Enterprise\Application\Win32</Filter>
    </ClCompile>
    <ClCompile Include="src\Enterprise\Core\Win32\Console_Win32.cpp">
      <Filter>Enterprise\Core\Win32</Filter>
    </ClCompile>
    <ClCompile Include="src\Enterprise\Core\Win32\ErrorMessageBox_Win32.cpp">
      <Filter>Enterprise\Core\Win32</Filter>
    </ClCompile>
    <ClCompile Include="src\Enterprise\Events\Events.cpp">
      <Filter>Enterprise\Events</Filter>
    </ClCompile>
    <ClCompile Include="src\Enterprise\Events\OLD\Dispatcher.cpp">
      <Filter>Enterprise\Events\OLD</Filter>
    </ClCompile>
    <ClCompile Include="src\Enterprise\Time\Time.cpp">
      <Filter>Enterprise\Time</Filter>
    </ClCompile>
    <ClCompile Include="src\Enterprise\Time\Win32\Time_Win32.cpp">
      <Filter>Enterprise\Time\Win32</Filter>
    </ClCompile>
  </ItemGroup>
</Project>